
Microsoft Visual Studio Solution File, Format Version 12.00
# Visual Studio Version 16
VisualStudioVersion = 25.0.1706.5
MinimumVisualStudioVersion = 10.0.40219.1
Project("{FAE04EC0-301F-11D3-BF4B-00C04F79EFBC}") = "Catalog.Application", "src\Catalog.Application\Catalog.Application.csproj", "{20DC8EB3-55BA-4EDE-913E-C1883D59F4E3}"
EndProject
Project("{FAE04EC0-301F-11D3-BF4B-00C04F79EFBC}") = "Catalog.Domain", "src\Catalog.Domain\Catalog.Domain.csproj", "{141F78E2-3E2F-496F-B646-5F8F13AFD165}"
EndProject
Project("{FAE04EC0-301F-11D3-BF4B-00C04F79EFBC}") = "Catalog.Infrastructure", "src\Catalog.Infrastructure\Catalog.Infrastructure.csproj", "{2B9749E3-4CA4-4F5E-BDD3-468A8AE1CAE0}"
EndProject
Global
	GlobalSection(SolutionConfigurationPlatforms) = preSolution
		Debug|Any CPU = Debug|Any CPU
		Release|Any CPU = Release|Any CPU
	EndGlobalSection
	GlobalSection(ProjectConfigurationPlatforms) = postSolution
		{20DC8EB3-55BA-4EDE-913E-C1883D59F4E3}.Debug|Any CPU.ActiveCfg = Debug|Any CPU
		{20DC8EB3-55BA-4EDE-913E-C1883D59F4E3}.Debug|Any CPU.Build.0 = Debug|Any CPU
		{20DC8EB3-55BA-4EDE-913E-C1883D59F4E3}.Release|Any CPU.ActiveCfg = Release|Any CPU
		{20DC8EB3-55BA-4EDE-913E-C1883D59F4E3}.Release|Any CPU.Build.0 = Release|Any CPU
		{141F78E2-3E2F-496F-B646-5F8F13AFD165}.Debug|Any CPU.ActiveCfg = Debug|Any CPU
		{141F78E2-3E2F-496F-B646-5F8F13AFD165}.Debug|Any CPU.Build.0 = Debug|Any CPU
		{141F78E2-3E2F-496F-B646-5F8F13AFD165}.Release|Any CPU.ActiveCfg = Release|Any CPU
		{141F78E2-3E2F-496F-B646-5F8F13AFD165}.Release|Any CPU.Build.0 = Release|Any CPU
		{2B9749E3-4CA4-4F5E-BDD3-468A8AE1CAE0}.Debug|Any CPU.ActiveCfg = Debug|Any CPU
		{2B9749E3-4CA4-4F5E-BDD3-468A8AE1CAE0}.Debug|Any CPU.Build.0 = Debug|Any CPU
		{2B9749E3-4CA4-4F5E-BDD3-468A8AE1CAE0}.Release|Any CPU.ActiveCfg = Release|Any CPU
		{2B9749E3-4CA4-4F5E-BDD3-468A8AE1CAE0}.Release|Any CPU.Build.0 = Release|Any CPU
	EndGlobalSection
	GlobalSection(SolutionProperties) = preSolution
		HideSolutionNode = FALSE
	EndGlobalSection
	GlobalSection(ExtensibilityGlobals) = postSolution
		SolutionGuid = {A88B4CBE-24F6-489C-9272-DAA6A77EF0B3}
	EndGlobalSection
EndGlobal
